// !$*UTF8*$!
{
	archiveVersion = 1;
	classes = {
	};
	objectVersion = 46;
	objects = {

/* Begin PBXBuildFile section */
		5262756F1C76467E004C160D /* AppDelegate.swift in Sources */ = {isa = PBXBuildFile; fileRef = 5262756E1C76467E004C160D /* AppDelegate.swift */; };
		526275711C76467E004C160D /* ViewController.swift in Sources */ = {isa = PBXBuildFile; fileRef = 526275701C76467E004C160D /* ViewController.swift */; };
		526275741C76467E004C160D /* Main.storyboard in Resources */ = {isa = PBXBuildFile; fileRef = 526275721C76467E004C160D /* Main.storyboard */; };
		526275761C76467E004C160D /* Assets.xcassets in Resources */ = {isa = PBXBuildFile; fileRef = 526275751C76467E004C160D /* Assets.xcassets */; };
		526275791C76467E004C160D /* LaunchScreen.storyboard in Resources */ = {isa = PBXBuildFile; fileRef = 526275771C76467E004C160D /* LaunchScreen.storyboard */; };
		526275821C764F59004C160D /* YPMagnifyingGlass.swift in Sources */ = {isa = PBXBuildFile; fileRef = 526275801C764F59004C160D /* YPMagnifyingGlass.swift */; };
		526275831C764F59004C160D /* YPMagnifyingView.swift in Sources */ = {isa = PBXBuildFile; fileRef = 526275811C764F59004C160D /* YPMagnifyingView.swift */; };
/* End PBXBuildFile section */

/* Begin PBXFileReference section */
		5262756B1C76467D004C160D /* Zoom.app */ = {isa = PBXFileReference; explicitFileType = wrapper.application; includeInIndex = 0; path = Zoom.app; sourceTree = BUILT_PRODUCTS_DIR; };
		5262756E1C76467E004C160D /* AppDelegate.swift */ = {isa = PBXFileReference; lastKnownFileType = sourcecode.swift; path = AppDelegate.swift; sourceTree = "<group>"; };
		526275701C76467E004C160D /* ViewController.swift */ = {isa = PBXFileReference; lastKnownFileType = sourcecode.swift; path = ViewController.swift; sourceTree = "<group>"; };
		526275731C76467E004C160D /* Base */ = {isa = PBXFileReference; lastKnownFileType = file.storyboard; name = Base; path = Base.lproj/Main.storyboard; sourceTree = "<group>"; };
		526275751C76467E004C160D /* Assets.xcassets */ = {isa = PBXFileReference; lastKnownFileType = folder.assetcatalog; path = Assets.xcassets; sourceTree = "<group>"; };
		526275781C76467E004C160D /* Base */ = {isa = PBXFileReference; lastKnownFileType = file.storyboard; name = Base; path = Base.lproj/LaunchScreen.storyboard; sourceTree = "<group>"; };
		5262757A1C76467E004C160D /* Info.plist */ = {isa = PBXFileReference; lastKnownFileType = text.plist.xml; path = Info.plist; sourceTree = "<group>"; };
		526275801C764F59004C160D /* YPMagnifyingGlass.swift */ = {isa = PBXFileReference; fileEncoding = 4; lastKnownFileType = sourcecode.swift; path = YPMagnifyingGlass.swift; sourceTree = "<group>"; };
		526275811C764F59004C160D /* YPMagnifyingView.swift */ = {isa = PBXFileReference; fileEncoding = 4; lastKnownFileType = sourcecode.swift; path = YPMagnifyingView.swift; sourceTree = "<group>"; };
/* End PBXFileReference section */

/* Begin PBXFrameworksBuildPhase section */
		526275681C76467D004C160D /* Frameworks */ = {
			isa = PBXFrameworksBuildPhase;
			buildActionMask = 2147483647;
			files = (
			);
			runOnlyForDeploymentPostprocessing = 0;
		};
/* End PBXFrameworksBuildPhase section */

/* Begin PBXGroup section */
		526275621C76467D004C160D = {
			isa = PBXGroup;
			children = (
				5262756D1C76467D004C160D /* Zoom */,
				5262756C1C76467D004C160D /* Products */,
			);
			sourceTree = "<group>";
		};
		5262756C1C76467D004C160D /* Products */ = {
			isa = PBXGroup;
			children = (
				5262756B1C76467D004C160D /* Zoom.app */,
			);
			name = Products;
			sourceTree = "<group>";
		};
		5262756D1C76467D004C160D /* Zoom */ = {
			isa = PBXGroup;
			children = (
				5262756E1C76467E004C160D /* AppDelegate.swift */,
				526275701C76467E004C160D /* ViewController.swift */,
				526275801C764F59004C160D /* YPMagnifyingGlass.swift */,
				526275811C764F59004C160D /* YPMagnifyingView.swift */,
				526275721C76467E004C160D /* Main.storyboard */,
				526275751C76467E004C160D /* Assets.xcassets */,
				526275771C76467E004C160D /* LaunchScreen.storyboard */,
				5262757A1C76467E004C160D /* Info.plist */,
			);
			path = Zoom;
			sourceTree = "<group>";
		};
/* End PBXGroup section */

/* Begin PBXNativeTarget section */
		5262756A1C76467D004C160D /* Zoom */ = {
			isa = PBXNativeTarget;
			buildConfigurationList = 5262757D1C76467E004C160D /* Build configuration list for PBXNativeTarget "Zoom" */;
			buildPhases = (
				526275671C76467D004C160D /* Sources */,
				526275681C76467D004C160D /* Frameworks */,
				526275691C76467D004C160D /* Resources */,
			);
			buildRules = (
			);
			dependencies = (
			);
			name = Zoom;
			productName = Zoom;
			productReference = 5262756B1C76467D004C160D /* Zoom.app */;
			productType = "com.apple.product-type.application";
		};
/* End PBXNativeTarget section */

/* Begin PBXProject section */
		526275631C76467D004C160D /* Project object */ = {
			isa = PBXProject;
			attributes = {
				LastSwiftUpdateCheck = 0720;
				LastUpgradeCheck = 0720;
				ORGANIZATIONNAME = "Macy's, Inc.";
				TargetAttributes = {
					5262756A1C76467D004C160D = {
						CreatedOnToolsVersion = 7.2;
					};
				};
			};
			buildConfigurationList = 526275661C76467D004C160D /* Build configuration list for PBXProject "Zoom" */;
			compatibilityVersion = "Xcode 3.2";
			developmentRegion = English;
			hasScannedForEncodings = 0;
			knownRegions = (
				en,
				Base,
			);
			mainGroup = 526275621C76467D004C160D;
			productRefGroup = 5262756C1C76467D004C160D /* Products */;
			projectDirPath = "";
			projectRoot = "";
			targets = (
				5262756A1C76467D004C160D /* Zoom */,
			);
		};
/* End PBXProject section */

/* Begin PBXResourcesBuildPhase section */
		526275691C76467D004C160D /* Resources */ = {
			isa = PBXResourcesBuildPhase;
			buildActionMask = 2147483647;
			files = (
				526275791C76467E004C160D /* LaunchScreen.storyboard in Resources */,
				526275761C76467E004C160D /* Assets.xcassets in Resources */,
				526275741C76467E004C160D /* Main.storyboard in Resources */,
			);
			runOnlyForDeploymentPostprocessing = 0;
		};
/* End PBXResourcesBuildPhase section */

/* Begin PBXSourcesBuildPhase section */
		526275671C76467D004C160D /* Sources */ = {
			isa = PBXSourcesBuildPhase;
			buildActionMask = 2147483647;
			files = (
				526275711C76467E004C160D /* ViewController.swift in Sources */,
				526275821C764F59004C160D /* YPMagnifyingGlass.swift in Sources */,
				526275831C764F59004C160D /* YPMagnifyingView.swift in Sources */,
				5262756F1C76467E004C160D /* AppDelegate.swift in Sources */,
			);
			runOnlyForDeploymentPostprocessing = 0;
		};
/* End PBXSourcesBuildPhase section */

/* Begin PBXVariantGroup section */
		526275721C76467E004C160D /* Main.storyboard */ = {
			isa = PBXVariantGroup;
			children = (
				526275731C76467E004C160D /* Base */,
			);
			name = Main.storyboard;
			sourceTree = "<group>";
		};
		526275771C76467E004C160D /* LaunchScreen.storyboard */ = {
			isa = PBXVariantGroup;
			children = (
				526275781C76467E004C160D /* Base */,
			);
			name = LaunchScreen.storyboard;
			sourceTree = "<group>";
		};
/* End PBXVariantGroup section */

/* Begin XCBuildConfiguration section */
		5262757B1C76467E004C160D /* Debug */ = {
			isa = XCBuildConfiguration;
			buildSettings = {
				ALWAYS_SEARCH_USER_PATHS = NO;
				CLANG_CXX_LANGUAGE_STANDARD = "gnu++0x";
				CLANG_CXX_LIBRARY = "libc++";
				CLANG_ENABLE_MODULES = YES;
				CLANG_ENABLE_OBJC_ARC = YES;
				CLANG_WARN_BOOL_CONVERSION = YES;
				CLANG_WARN_CONSTANT_CONVERSION = YES;
				CLANG_WARN_DIRECT_OBJC_ISA_USAGE = YES_ERROR;
				CLANG_WARN_EMPTY_BODY = YES;
				CLANG_WARN_ENUM_CONVERSION = YES;
				CLANG_WARN_INT_CONVERSION = YES;
				CLANG_WARN_OBJC_ROOT_CLASS = YES_ERROR;
				CLANG_WARN_UNREACHABLE_CODE = YES;
				CLANG_WARN__DUPLICATE_METHOD_MATCH = YES;
				"CODE_SIGN_IDENTITY[sdk=iphoneos*]" = "iPhone Developer";
				COPY_PHASE_STRIP = NO;
				DEBUG_INFORMATION_FORMAT = dwarf;
				ENABLE_STRICT_OBJC_MSGSEND = YES;
				ENABLE_TESTABILITY = YES;
				GCC_C_LANGUAGE_STANDARD = gnu99;
				GCC_DYNAMIC_NO_PIC = NO;
				GCC_NO_COMMON_BLOCKS = YES;
				GCC_OPTIMIZATION_LEVEL = 0;
				GCC_PREPROCESSOR_DEFINITIONS = (
					"DEBUG=1",
					"$(inherited)",
				);
				GCC_WARN_64_TO_32_BIT_CONVERSION = YES;
				GCC_WARN_ABOUT_RETURN_TYPE = YES_ERROR;
				GCC_WARN_UNDECLARED_SELECTOR = YES;
				GCC_WARN_UNINITIALIZED_AUTOS = YES_AGGRESSIVE;
				GCC_WARN_UNUSED_FUNCTION = YES;
				GCC_WARN_UNUSED_VARIABLE = YES;
				IPHONEOS_DEPLOYMENT_TARGET = 9.2;
				MTL_ENABLE_DEBUG_INFO = YES;
				ONLY_ACTIVE_ARCH = YES;
				SDKROOT = iphoneos;
				SWIFT_OPTIMIZATION_LEVEL = "-Onone";
			};
			name = Debug;
		};
		5262757C1C76467E004C160D /* Release */ = {
			isa = XCBuildConfiguration;
			buildSettings = {
				ALWAYS_SEARCH_USER_PATHS = NO;
				CLANG_CXX_LANGUAGE_STANDARD = "gnu++0x";
				CLANG_CXX_LIBRARY = "libc++";
				CLANG_ENABLE_MODULES = YES;
				CLANG_ENABLE_OBJC_ARC = YES;
				CLANG_WARN_BOOL_CONVERSION = YES;
				CLANG_WARN_CONSTANT_CONVERSION = YES;
				CLANG_WARN_DIRECT_OBJC_ISA_USAGE = YES_ERROR;
				CLANG_WARN_EMPTY_BODY = YES;
				CLANG_WARN_ENUM_CONVERSION = YES;
				CLANG_WARN_INT_CONVERSION = YES;
				CLANG_WARN_OBJC_ROOT_CLASS = YES_ERROR;
				CLANG_WARN_UNREACHABLE_CODE = YES;
				CLANG_WARN__DUPLICATE_METHOD_MATCH = YES;
				"CODE_SIGN_IDENTITY[sdk=iphoneos*]" = "iPhone Developer";
				COPY_PHASE_STRIP = NO;
				DEBUG_INFORMATION_FORMAT = "dwarf-with-dsym";
				ENABLE_NS_ASSERTIONS = NO;
				ENABLE_STRICT_OBJC_MSGSEND = YES;
				GCC_C_LANGUAGE_STANDARD = gnu99;
				GCC_NO_COMMON_BLOCKS = YES;
				GCC_WARN_64_TO_32_BIT_CONVERSION = YES;
				GCC_WARN_ABOUT_RETURN_TYPE = YES_ERROR;
				GCC_WARN_UNDECLARED_SELECTOR = YES;
				GCC_WARN_UNINITIALIZED_AUTOS = YES_AGGRESSIVE;
				GCC_WARN_UNUSED_FUNCTION = YES;
				GCC_WARN_UNUSED_VARIABLE = YES;
				IPHONEOS_DEPLOYMENT_TARGET = 9.2;
				MTL_ENABLE_DEBUG_INFO = NO;
				SDKROOT = iphoneos;
				VALIDATE_PRODUCT = YES;
			};
			name = Release;
		};
		5262757E1C76467E004C160D /* Debug */ = {
			isa = XCBuildConfiguration;
			buildSettings = {
				ASSETCATALOG_COMPILER_APPICON_NAME = AppIcon;
				INFOPLIST_FILE = Zoom/Info.plist;
				LD_RUNPATH_SEARCH_PATHS = "$(inherited) @executable_path/Frameworks";
				PRODUCT_BUNDLE_IDENTIFIER = com.macys.Zoom;
				PRODUCT_NAME = "$(TARGET_NAME)";
			};
			name = Debug;
		};
		5262757F1C76467E004C160D /* Release */ = {
			isa = XCBuildConfiguration;
			buildSettings = {
				ASSETCATALOG_COMPILER_APPICON_NAME = AppIcon;
				INFOPLIST_FILE = Zoom/Info.plist;
				LD_RUNPATH_SEARCH_PATHS = "$(inherited) @executable_path/Frameworks";
				PRODUCT_BUNDLE_IDENTIFIER = com.macys.Zoom;
				PRODUCT_NAME = "$(TARGET_NAME)";
			};
			name = Release;
		};
/* End XCBuildConfiguration section */

/* Begin XCConfigurationList section */
		526275661C76467D004C160D /* Build configuration list for PBXProject "Zoom" */ = {
			isa = XCConfigurationList;
			buildConfigurations = (
				5262757B1C76467E004C160D /* Debug */,
				5262757C1C76467E004C160D /* Release */,
			);
			defaultConfigurationIsVisible = 0;
			defaultConfigurationName = Release;
		};
		5262757D1C76467E004C160D /* Build configuration list for PBXNativeTarget "Zoom" */ = {
			isa = XCConfigurationList;
			buildConfigurations = (
				5262757E1C76467E004C160D /* Debug */,
				5262757F1C76467E004C160D /* Release */,
			);
			defaultConfigurationIsVisible = 0;
		};
/* End XCConfigurationList section */
	};
	rootObject = 526275631C76467D004C160D /* Project object */;
}
